
Microsoft Visual Studio Solution File, Format Version 12.00
# Visual Studio Version 17
VisualStudioVersion = 17.8.34408.163
MinimumVisualStudioVersion = 10.0.40219.1
Project("{FAE04EC0-301F-11D3-BF4B-00C04F79EFBC}") = "Mission11_Koelliker", "Mission11_Koelliker\Mission11_Koelliker.csproj", "{FAB17A64-EB61-41C2-A631-74D5C61C6367}"
EndProject
Global
	GlobalSection(SolutionConfigurationPlatforms) = preSolution
		Debug|Any CPU = Debug|Any CPU
		Release|Any CPU = Release|Any CPU
	EndGlobalSection
	GlobalSection(ProjectConfigurationPlatforms) = postSolution
		{FAB17A64-EB61-41C2-A631-74D5C61C6367}.Debug|Any CPU.ActiveCfg = Debug|Any CPU
		{FAB17A64-EB61-41C2-A631-74D5C61C6367}.Debug|Any CPU.Build.0 = Debug|Any CPU
		{FAB17A64-EB61-41C2-A631-74D5C61C6367}.Release|Any CPU.ActiveCfg = Release|Any CPU
		{FAB17A64-EB61-41C2-A631-74D5C61C6367}.Release|Any CPU.Build.0 = Release|Any CPU
	EndGlobalSection
	GlobalSection(SolutionProperties) = preSolution
		HideSolutionNode = FALSE
	EndGlobalSection
	GlobalSection(ExtensibilityGlobals) = postSolution
		SolutionGuid = {6F28720B-59D3-4BE3-B21C-CBC86B5C2783}
	EndGlobalSection
EndGlobal
